
Microsoft Visual Studio Solution File, Format Version 12.00
# Visual Studio Version 16
VisualStudioVersion = 16.0.31205.134
MinimumVisualStudioVersion = 10.0.40219.1
Project("{FAE04EC0-301F-11D3-BF4B-00C04F79EFBC}") = "Dapper.Core", "Dapper.Core\Dapper.Core.csproj", "{571577FF-B2CD-4A85-A949-7B313B27AD82}"
EndProject
Project("{FAE04EC0-301F-11D3-BF4B-00C04F79EFBC}") = "Dapper.Infrastructure", "Dapper.Infrastructure\Dapper.Infrastructure.csproj", "{0236DF51-ED35-4268-89BD-C0EFEA748175}"
EndProject
Project("{FAE04EC0-301F-11D3-BF4B-00C04F79EFBC}") = "Dapper.Api", "Dapper.Api\Dapper.Api.csproj", "{855C4115-9C0E-4103-A470-A2845BC2036C}"
EndProject
Global
	GlobalSection(SolutionConfigurationPlatforms) = preSolution
		Debug|Any CPU = Debug|Any CPU
		Release|Any CPU = Release|Any CPU
	EndGlobalSection
	GlobalSection(ProjectConfigurationPlatforms) = postSolution
		{571577FF-B2CD-4A85-A949-7B313B27AD82}.Debug|Any CPU.ActiveCfg = Debug|Any CPU
		{571577FF-B2CD-4A85-A949-7B313B27AD82}.Debug|Any CPU.Build.0 = Debug|Any CPU
		{571577FF-B2CD-4A85-A949-7B313B27AD82}.Release|Any CPU.ActiveCfg = Release|Any CPU
		{571577FF-B2CD-4A85-A949-7B313B27AD82}.Release|Any CPU.Build.0 = Release|Any CPU
		{0236DF51-ED35-4268-89BD-C0EFEA748175}.Debug|Any CPU.ActiveCfg = Debug|Any CPU
		{0236DF51-ED35-4268-89BD-C0EFEA748175}.Debug|Any CPU.Build.0 = Debug|Any CPU
		{0236DF51-ED35-4268-89BD-C0EFEA748175}.Release|Any CPU.ActiveCfg = Release|Any CPU
		{0236DF51-ED35-4268-89BD-C0EFEA748175}.Release|Any CPU.Build.0 = Release|Any CPU
		{855C4115-9C0E-4103-A470-A2845BC2036C}.Debug|Any CPU.ActiveCfg = Debug|Any CPU
		{855C4115-9C0E-4103-A470-A2845BC2036C}.Debug|Any CPU.Build.0 = Debug|Any CPU
		{855C4115-9C0E-4103-A470-A2845BC2036C}.Release|Any CPU.ActiveCfg = Release|Any CPU
		{855C4115-9C0E-4103-A470-A2845BC2036C}.Release|Any CPU.Build.0 = Release|Any CPU
	EndGlobalSection
	GlobalSection(SolutionProperties) = preSolution
		HideSolutionNode = FALSE
	EndGlobalSection
	GlobalSection(ExtensibilityGlobals) = postSolution
		SolutionGuid = {84B22F45-917B-4682-ABFA-B7356A28C7F7}
	EndGlobalSection
EndGlobal
